{
  "name": "overturn-presidential-election",
  "lockfileVersion": 2,
  "requires": true,
  "packages": {
    "": {
      "dependencies": {
        "lodash": "4.17.21",
        "presidential-election-data": "2.2.2"
      }
    },
    "node_modules/lodash": {
      "version": "4.17.21",
      "resolved": "https://registry.npmjs.org/lodash/-/lodash-4.17.21.tgz",
      "integrity": "sha512-v2kDEe57lecTulaDIuNTPy3Ry4gLGJ6Z1O3vE1krgXZNrsQ+LFTGHVxVjcXPs17LhbZVGedAJv8XZ1tvj5FvSg=="
    },
    "node_modules/presidential-election-data": {
      "version": "2.2.2",
      "resolved": "https://registry.npmjs.org/presidential-election-data/-/presidential-election-data-2.2.2.tgz",
      "integrity": "sha512-jU8E+Az+0d4HAZTvDXRP4I7z8RGl33BymGIzc9mYRn0eowsaO46168TbPpietOFD68HnMJrcojsUOboL6Kq+GA==",
      "dependencies": {
        "lodash": "4.17.21"
      }
    }
  },
  "dependencies": {
    "lodash": {
      "version": "4.17.21",
      "resolved": "https://registry.npmjs.org/lodash/-/lodash-4.17.21.tgz",
      "integrity": "sha512-v2kDEe57lecTulaDIuNTPy3Ry4gLGJ6Z1O3vE1krgXZNrsQ+LFTGHVxVjcXPs17LhbZVGedAJv8XZ1tvj5FvSg=="
    },
    "presidential-election-data": {
      "version": "2.2.2",
      "resolved": "https://registry.npmjs.org/presidential-election-data/-/presidential-election-data-2.2.2.tgz",
      "integrity": "sha512-jU8E+Az+0d4HAZTvDXRP4I7z8RGl33BymGIzc9mYRn0eowsaO46168TbPpietOFD68HnMJrcojsUOboL6Kq+GA==",
      "requires": {
        "lodash": "4.17.21"
      }
    }
  }
}
