{
  "name": "overturn-presidential-election",
  "lockfileVersion": 2,
  "requires": true,
  "packages": {
    "": {
      "dependencies": {
        "lodash": "4.17.21",
        "presidential-election-data": "2.3.1"
      }
    },
    "node_modules/lodash": {
      "version": "4.17.21",
      "resolved": "https://registry.npmjs.org/lodash/-/lodash-4.17.21.tgz",
      "integrity": "sha512-v2kDEe57lecTulaDIuNTPy3Ry4gLGJ6Z1O3vE1krgXZNrsQ+LFTGHVxVjcXPs17LhbZVGedAJv8XZ1tvj5FvSg=="
    },
    "node_modules/presidential-election-data": {
      "version": "2.3.1",
      "resolved": "https://registry.npmjs.org/presidential-election-data/-/presidential-election-data-2.3.1.tgz",
      "integrity": "sha512-g6KNOZ1Nfu+X6yJrcKX8taWsyU4mGtODxh40zTkz6oRPkRvQQZhVlxPC2UMmz2qcKKaq6ypHlvVJ7ttfiduLiA==",
      "license": "MIT",
      "dependencies": {
        "lodash": "4.17.21"
      }
    }
  },
  "dependencies": {
    "lodash": {
      "version": "4.17.21",
      "resolved": "https://registry.npmjs.org/lodash/-/lodash-4.17.21.tgz",
      "integrity": "sha512-v2kDEe57lecTulaDIuNTPy3Ry4gLGJ6Z1O3vE1krgXZNrsQ+LFTGHVxVjcXPs17LhbZVGedAJv8XZ1tvj5FvSg=="
    },
    "presidential-election-data": {
      "version": "2.3.1",
      "resolved": "https://registry.npmjs.org/presidential-election-data/-/presidential-election-data-2.3.1.tgz",
      "integrity": "sha512-g6KNOZ1Nfu+X6yJrcKX8taWsyU4mGtODxh40zTkz6oRPkRvQQZhVlxPC2UMmz2qcKKaq6ypHlvVJ7ttfiduLiA==",
      "requires": {
        "lodash": "4.17.21"
      }
    }
  }
}
